
Microsoft Visual Studio Solution File, Format Version 12.00
# Visual Studio 2013
Project("{FAE04EC0-301F-11D3-BF4B-00C04F79EFBC}") = "UnityVS.auto_split_animation.CSharp", "UnityVS.auto_split_animation.CSharp.csproj", "{DC9F7E8D-24B8-669E-CBC8-F3EDE6BAC0A7}"
EndProject
Project("{FAE04EC0-301F-11D3-BF4B-00C04F79EFBC}") = "UnityVS.auto_split_animation.CSharp.Editor", "UnityVS.auto_split_animation.CSharp.Editor.csproj", "{A1FBB893-410B-4478-C40A-FC79CC29381B}"
EndProject
Global
	GlobalSection(SolutionConfigurationPlatforms) = preSolution
		Debug|Any CPU = Debug|Any CPU
		Release|Any CPU = Release|Any CPU
	EndGlobalSection
	GlobalSection(ProjectConfigurationPlatforms) = postSolution
		{DC9F7E8D-24B8-669E-CBC8-F3EDE6BAC0A7}.Debug|Any CPU.ActiveCfg = Debug|Any CPU
		{DC9F7E8D-24B8-669E-CBC8-F3EDE6BAC0A7}.Debug|Any CPU.Build.0 = Debug|Any CPU
		{DC9F7E8D-24B8-669E-CBC8-F3EDE6BAC0A7}.Release|Any CPU.ActiveCfg = Release|Any CPU
		{DC9F7E8D-24B8-669E-CBC8-F3EDE6BAC0A7}.Release|Any CPU.Build.0 = Release|Any CPU
		{A1FBB893-410B-4478-C40A-FC79CC29381B}.Debug|Any CPU.ActiveCfg = Debug|Any CPU
		{A1FBB893-410B-4478-C40A-FC79CC29381B}.Debug|Any CPU.Build.0 = Debug|Any CPU
		{A1FBB893-410B-4478-C40A-FC79CC29381B}.Release|Any CPU.ActiveCfg = Release|Any CPU
		{A1FBB893-410B-4478-C40A-FC79CC29381B}.Release|Any CPU.Build.0 = Release|Any CPU
	EndGlobalSection
	GlobalSection(SolutionProperties) = preSolution
		HideSolutionNode = FALSE
	EndGlobalSection
EndGlobal
