
Microsoft Visual Studio Solution File, Format Version 12.00
# Visual Studio 2013
Project("{FAE04EC0-301F-11D3-BF4B-00C04F79EFBC}") = "UnityVS.interstellar.CSharp", "UnityVS.interstellar.CSharp.csproj", "{DE54A269-D211-80FD-9546-4D51780A3BDF}"
EndProject
Project("{FAE04EC0-301F-11D3-BF4B-00C04F79EFBC}") = "UnityVS.interstellar.CSharp.Editor", "UnityVS.interstellar.CSharp.Editor.csproj", "{8EC9432B-9343-2C9F-4CFA-849C8A67871B}"
EndProject
Global
	GlobalSection(SolutionConfigurationPlatforms) = preSolution
		Debug|Any CPU = Debug|Any CPU
		Release|Any CPU = Release|Any CPU
	EndGlobalSection
	GlobalSection(ProjectConfigurationPlatforms) = postSolution
		{DE54A269-D211-80FD-9546-4D51780A3BDF}.Debug|Any CPU.ActiveCfg = Debug|Any CPU
		{DE54A269-D211-80FD-9546-4D51780A3BDF}.Debug|Any CPU.Build.0 = Debug|Any CPU
		{DE54A269-D211-80FD-9546-4D51780A3BDF}.Release|Any CPU.ActiveCfg = Release|Any CPU
		{DE54A269-D211-80FD-9546-4D51780A3BDF}.Release|Any CPU.Build.0 = Release|Any CPU
		{8EC9432B-9343-2C9F-4CFA-849C8A67871B}.Debug|Any CPU.ActiveCfg = Debug|Any CPU
		{8EC9432B-9343-2C9F-4CFA-849C8A67871B}.Debug|Any CPU.Build.0 = Debug|Any CPU
		{8EC9432B-9343-2C9F-4CFA-849C8A67871B}.Release|Any CPU.ActiveCfg = Release|Any CPU
		{8EC9432B-9343-2C9F-4CFA-849C8A67871B}.Release|Any CPU.Build.0 = Release|Any CPU
	EndGlobalSection
	GlobalSection(SolutionProperties) = preSolution
		HideSolutionNode = FALSE
	EndGlobalSection
EndGlobal
